// !$*UTF8*$!
{
	archiveVersion = 1;
	classes = {
	};
	objectVersion = 46;
	objects = {

/* Begin PBXBuildFile section */
		160F448E2930E8B9852B7E86 /* Pods_ToshokanTests.framework in Frameworks */ = {isa = PBXBuildFile; fileRef = B7B663CB9DDEAA82240F3AB7 /* Pods_ToshokanTests.framework */; };
		21B2E3DB1E6D643900B513BF /* BookListCollectionViewCell.swift in Sources */ = {isa = PBXBuildFile; fileRef = 21B2E3D91E6D643900B513BF /* BookListCollectionViewCell.swift */; };
		21B2E3DC1E6D643900B513BF /* BookListCollectionViewCell.xib in Resources */ = {isa = PBXBuildFile; fileRef = 21B2E3DA1E6D643900B513BF /* BookListCollectionViewCell.xib */; };
		460B64301E67FFF4001639C3 /* Agreement.storyboard in Resources */ = {isa = PBXBuildFile; fileRef = 460B642F1E67FFF4001639C3 /* Agreement.storyboard */; };
		460B64321E68005C001639C3 /* AgreementViewController.swift in Sources */ = {isa = PBXBuildFile; fileRef = 460B64311E68005C001639C3 /* AgreementViewController.swift */; };
		460B64341E680D61001639C3 /* AgreementViewModel.swift in Sources */ = {isa = PBXBuildFile; fileRef = 460B64331E680D61001639C3 /* AgreementViewModel.swift */; };
		460B64371E681530001639C3 /* Agreement.html in Resources */ = {isa = PBXBuildFile; fileRef = 460B64361E681530001639C3 /* Agreement.html */; };
		460B643B1E683541001639C3 /* ToshokanConfigModel.swift in Sources */ = {isa = PBXBuildFile; fileRef = 460B643A1E683541001639C3 /* ToshokanConfigModel.swift */; };
		460B643E1E683E5E001639C3 /* SearchResult.storyboard in Resources */ = {isa = PBXBuildFile; fileRef = 460B643D1E683E5E001639C3 /* SearchResult.storyboard */; };
		460B64401E683E7C001639C3 /* SearchResultViewController.swift in Sources */ = {isa = PBXBuildFile; fileRef = 460B643F1E683E7C001639C3 /* SearchResultViewController.swift */; };
		461A6C901E6FBD2800E8A569 /* GoogleApi.swift in Sources */ = {isa = PBXBuildFile; fileRef = 461A6C8F1E6FBD2800E8A569 /* GoogleApi.swift */; };
		461A6C921E72B58800E8A569 /* GoogleBooksVolumesTests.swift in Sources */ = {isa = PBXBuildFile; fileRef = 461A6C911E72B58800E8A569 /* GoogleBooksVolumesTests.swift */; };
		46248C651E6E6DEA005667A5 /* SearchResultViewModel.swift in Sources */ = {isa = PBXBuildFile; fileRef = 46248C641E6E6DEA005667A5 /* SearchResultViewModel.swift */; };
		46248C671E6E975A005667A5 /* GoogleBooksVolumes.swift in Sources */ = {isa = PBXBuildFile; fileRef = 46248C661E6E975A005667A5 /* GoogleBooksVolumes.swift */; };
		46248C6A1E6EB937005667A5 /* GoogleBooksVolumeEntity.swift in Sources */ = {isa = PBXBuildFile; fileRef = 46248C691E6EB937005667A5 /* GoogleBooksVolumeEntity.swift */; };
		46EE949F1E65306C00096DE0 /* AppDelegate.swift in Sources */ = {isa = PBXBuildFile; fileRef = 46EE949E1E65306C00096DE0 /* AppDelegate.swift */; };
		46EE94A11E65306C00096DE0 /* ViewController.swift in Sources */ = {isa = PBXBuildFile; fileRef = 46EE94A01E65306C00096DE0 /* ViewController.swift */; };
		46EE94A41E65306C00096DE0 /* Main.storyboard in Resources */ = {isa = PBXBuildFile; fileRef = 46EE94A21E65306C00096DE0 /* Main.storyboard */; };
		46EE94A61E65306C00096DE0 /* Assets.xcassets in Resources */ = {isa = PBXBuildFile; fileRef = 46EE94A51E65306C00096DE0 /* Assets.xcassets */; };
		46EE94A91E65306C00096DE0 /* LaunchScreen.storyboard in Resources */ = {isa = PBXBuildFile; fileRef = 46EE94A71E65306C00096DE0 /* LaunchScreen.storyboard */; };
		46EE94B41E65306C00096DE0 /* ToshokanTests.swift in Sources */ = {isa = PBXBuildFile; fileRef = 46EE94B31E65306C00096DE0 /* ToshokanTests.swift */; };
		46EE94BF1E65306C00096DE0 /* ToshokanUITests.swift in Sources */ = {isa = PBXBuildFile; fileRef = 46EE94BE1E65306C00096DE0 /* ToshokanUITests.swift */; };
		46F8F61F1E72BBD7008D542C /* GoogleBooksVolumes.swift in Sources */ = {isa = PBXBuildFile; fileRef = 46248C661E6E975A005667A5 /* GoogleBooksVolumes.swift */; };
		46F8F6201E72BC70008D542C /* GoogleApi.swift in Sources */ = {isa = PBXBuildFile; fileRef = 461A6C8F1E6FBD2800E8A569 /* GoogleApi.swift */; };
		46F8F6211E72BC77008D542C /* GoogleBooksVolumeEntity.swift in Sources */ = {isa = PBXBuildFile; fileRef = 46248C691E6EB937005667A5 /* GoogleBooksVolumeEntity.swift */; };
		46F8F6221E72BC7C008D542C /* ToshokanConfigModel.swift in Sources */ = {isa = PBXBuildFile; fileRef = 460B643A1E683541001639C3 /* ToshokanConfigModel.swift */; };
		46FFD3E61E65607800082EE0 /* GoogleService-Info.plist in Resources */ = {isa = PBXBuildFile; fileRef = 46FFD3E51E65607800082EE0 /* GoogleService-Info.plist */; };
		46FFD3E71E65607800082EE0 /* GoogleService-Info.plist in Resources */ = {isa = PBXBuildFile; fileRef = 46FFD3E51E65607800082EE0 /* GoogleService-Info.plist */; };
		46FFD3E81E65607800082EE0 /* GoogleService-Info.plist in Resources */ = {isa = PBXBuildFile; fileRef = 46FFD3E51E65607800082EE0 /* GoogleService-Info.plist */; };
		E91CD234395488CFC8D07130 /* Pods_Toshokan.framework in Frameworks */ = {isa = PBXBuildFile; fileRef = 66F54C7F9D62FC54C23B697D /* Pods_Toshokan.framework */; };
/* End PBXBuildFile section */

/* Begin PBXContainerItemProxy section */
		46EE94B01E65306C00096DE0 /* PBXContainerItemProxy */ = {
			isa = PBXContainerItemProxy;
			containerPortal = 46EE94931E65306C00096DE0 /* Project object */;
			proxyType = 1;
			remoteGlobalIDString = 46EE949A1E65306C00096DE0;
			remoteInfo = Toshokan;
		};
		46EE94BB1E65306C00096DE0 /* PBXContainerItemProxy */ = {
			isa = PBXContainerItemProxy;
			containerPortal = 46EE94931E65306C00096DE0 /* Project object */;
			proxyType = 1;
			remoteGlobalIDString = 46EE949A1E65306C00096DE0;
			remoteInfo = Toshokan;
		};
/* End PBXContainerItemProxy section */

/* Begin PBXFileReference section */
		21B2E3D91E6D643900B513BF /* BookListCollectionViewCell.swift */ = {isa = PBXFileReference; fileEncoding = 4; lastKnownFileType = sourcecode.swift; path = BookListCollectionViewCell.swift; sourceTree = "<group>"; };
		21B2E3DA1E6D643900B513BF /* BookListCollectionViewCell.xib */ = {isa = PBXFileReference; fileEncoding = 4; lastKnownFileType = file.xib; path = BookListCollectionViewCell.xib; sourceTree = "<group>"; };
		2AC5E0776369E8930DF8AF0E /* Pods-Toshokan.debug.xcconfig */ = {isa = PBXFileReference; includeInIndex = 1; lastKnownFileType = text.xcconfig; name = "Pods-Toshokan.debug.xcconfig"; path = "Pods/Target Support Files/Pods-Toshokan/Pods-Toshokan.debug.xcconfig"; sourceTree = "<group>"; };
		2D3C012520EA8A6ECBA0E5D8 /* Pods-Toshokan.release.xcconfig */ = {isa = PBXFileReference; includeInIndex = 1; lastKnownFileType = text.xcconfig; name = "Pods-Toshokan.release.xcconfig"; path = "Pods/Target Support Files/Pods-Toshokan/Pods-Toshokan.release.xcconfig"; sourceTree = "<group>"; };
		460B642F1E67FFF4001639C3 /* Agreement.storyboard */ = {isa = PBXFileReference; fileEncoding = 4; lastKnownFileType = file.storyboard; path = Agreement.storyboard; sourceTree = "<group>"; };
		460B64311E68005C001639C3 /* AgreementViewController.swift */ = {isa = PBXFileReference; fileEncoding = 4; lastKnownFileType = sourcecode.swift; path = AgreementViewController.swift; sourceTree = "<group>"; };
		460B64331E680D61001639C3 /* AgreementViewModel.swift */ = {isa = PBXFileReference; fileEncoding = 4; lastKnownFileType = sourcecode.swift; path = AgreementViewModel.swift; sourceTree = "<group>"; };
		460B64361E681530001639C3 /* Agreement.html */ = {isa = PBXFileReference; fileEncoding = 4; lastKnownFileType = text.html; path = Agreement.html; sourceTree = "<group>"; };
		460B643A1E683541001639C3 /* ToshokanConfigModel.swift */ = {isa = PBXFileReference; fileEncoding = 4; lastKnownFileType = sourcecode.swift; path = ToshokanConfigModel.swift; sourceTree = "<group>"; };
		460B643D1E683E5E001639C3 /* SearchResult.storyboard */ = {isa = PBXFileReference; fileEncoding = 4; lastKnownFileType = file.storyboard; path = SearchResult.storyboard; sourceTree = "<group>"; };
		460B643F1E683E7C001639C3 /* SearchResultViewController.swift */ = {isa = PBXFileReference; fileEncoding = 4; lastKnownFileType = sourcecode.swift; path = SearchResultViewController.swift; sourceTree = "<group>"; };
		461A6C8F1E6FBD2800E8A569 /* GoogleApi.swift */ = {isa = PBXFileReference; fileEncoding = 4; lastKnownFileType = sourcecode.swift; path = GoogleApi.swift; sourceTree = "<group>"; };
		461A6C911E72B58800E8A569 /* GoogleBooksVolumesTests.swift */ = {isa = PBXFileReference; fileEncoding = 4; lastKnownFileType = sourcecode.swift; path = GoogleBooksVolumesTests.swift; sourceTree = "<group>"; };
		46248C641E6E6DEA005667A5 /* SearchResultViewModel.swift */ = {isa = PBXFileReference; fileEncoding = 4; lastKnownFileType = sourcecode.swift; path = SearchResultViewModel.swift; sourceTree = "<group>"; };
		46248C661E6E975A005667A5 /* GoogleBooksVolumes.swift */ = {isa = PBXFileReference; fileEncoding = 4; lastKnownFileType = sourcecode.swift; path = GoogleBooksVolumes.swift; sourceTree = "<group>"; };
		46248C691E6EB937005667A5 /* GoogleBooksVolumeEntity.swift */ = {isa = PBXFileReference; fileEncoding = 4; lastKnownFileType = sourcecode.swift; path = GoogleBooksVolumeEntity.swift; sourceTree = "<group>"; };
		46EE949B1E65306C00096DE0 /* Toshokan.app */ = {isa = PBXFileReference; explicitFileType = wrapper.application; includeInIndex = 0; path = Toshokan.app; sourceTree = BUILT_PRODUCTS_DIR; };
		46EE949E1E65306C00096DE0 /* AppDelegate.swift */ = {isa = PBXFileReference; lastKnownFileType = sourcecode.swift; path = AppDelegate.swift; sourceTree = "<group>"; };
		46EE94A01E65306C00096DE0 /* ViewController.swift */ = {isa = PBXFileReference; lastKnownFileType = sourcecode.swift; path = ViewController.swift; sourceTree = "<group>"; };
		46EE94A31E65306C00096DE0 /* Base */ = {isa = PBXFileReference; lastKnownFileType = file.storyboard; name = Base; path = Base.lproj/Main.storyboard; sourceTree = "<group>"; };
		46EE94A51E65306C00096DE0 /* Assets.xcassets */ = {isa = PBXFileReference; lastKnownFileType = folder.assetcatalog; path = Assets.xcassets; sourceTree = "<group>"; };
		46EE94A81E65306C00096DE0 /* Base */ = {isa = PBXFileReference; lastKnownFileType = file.storyboard; name = Base; path = Base.lproj/LaunchScreen.storyboard; sourceTree = "<group>"; };
		46EE94AA1E65306C00096DE0 /* Info.plist */ = {isa = PBXFileReference; lastKnownFileType = text.plist.xml; path = Info.plist; sourceTree = "<group>"; };
		46EE94AF1E65306C00096DE0 /* ToshokanTests.xctest */ = {isa = PBXFileReference; explicitFileType = wrapper.cfbundle; includeInIndex = 0; path = ToshokanTests.xctest; sourceTree = BUILT_PRODUCTS_DIR; };
		46EE94B31E65306C00096DE0 /* ToshokanTests.swift */ = {isa = PBXFileReference; lastKnownFileType = sourcecode.swift; path = ToshokanTests.swift; sourceTree = "<group>"; };
		46EE94B51E65306C00096DE0 /* Info.plist */ = {isa = PBXFileReference; lastKnownFileType = text.plist.xml; path = Info.plist; sourceTree = "<group>"; };
		46EE94BA1E65306C00096DE0 /* ToshokanUITests.xctest */ = {isa = PBXFileReference; explicitFileType = wrapper.cfbundle; includeInIndex = 0; path = ToshokanUITests.xctest; sourceTree = BUILT_PRODUCTS_DIR; };
		46EE94BE1E65306C00096DE0 /* ToshokanUITests.swift */ = {isa = PBXFileReference; lastKnownFileType = sourcecode.swift; path = ToshokanUITests.swift; sourceTree = "<group>"; };
		46EE94C01E65306C00096DE0 /* Info.plist */ = {isa = PBXFileReference; lastKnownFileType = text.plist.xml; path = Info.plist; sourceTree = "<group>"; };
		46FFD3E41E653B4700082EE0 /* Toshokan-Bridging-Header.h */ = {isa = PBXFileReference; lastKnownFileType = sourcecode.c.h; path = "Toshokan-Bridging-Header.h"; sourceTree = "<group>"; };
		46FFD3E51E65607800082EE0 /* GoogleService-Info.plist */ = {isa = PBXFileReference; fileEncoding = 4; lastKnownFileType = text.plist.xml; path = "GoogleService-Info.plist"; sourceTree = "<group>"; };
		5715D862CEA4A846CB20B71E /* Pods-ToshokanTests.release.xcconfig */ = {isa = PBXFileReference; includeInIndex = 1; lastKnownFileType = text.xcconfig; name = "Pods-ToshokanTests.release.xcconfig"; path = "Pods/Target Support Files/Pods-ToshokanTests/Pods-ToshokanTests.release.xcconfig"; sourceTree = "<group>"; };
		66F54C7F9D62FC54C23B697D /* Pods_Toshokan.framework */ = {isa = PBXFileReference; explicitFileType = wrapper.framework; includeInIndex = 0; path = Pods_Toshokan.framework; sourceTree = BUILT_PRODUCTS_DIR; };
		6FBEBCFA7929929E30BA988F /* Pods-ToshokanTests.debug.xcconfig */ = {isa = PBXFileReference; includeInIndex = 1; lastKnownFileType = text.xcconfig; name = "Pods-ToshokanTests.debug.xcconfig"; path = "Pods/Target Support Files/Pods-ToshokanTests/Pods-ToshokanTests.debug.xcconfig"; sourceTree = "<group>"; };
		B7B663CB9DDEAA82240F3AB7 /* Pods_ToshokanTests.framework */ = {isa = PBXFileReference; explicitFileType = wrapper.framework; includeInIndex = 0; path = Pods_ToshokanTests.framework; sourceTree = BUILT_PRODUCTS_DIR; };
/* End PBXFileReference section */

/* Begin PBXFrameworksBuildPhase section */
		46EE94981E65306C00096DE0 /* Frameworks */ = {
			isa = PBXFrameworksBuildPhase;
			buildActionMask = 2147483647;
			files = (
				E91CD234395488CFC8D07130 /* Pods_Toshokan.framework in Frameworks */,
			);
			runOnlyForDeploymentPostprocessing = 0;
		};
		46EE94AC1E65306C00096DE0 /* Frameworks */ = {
			isa = PBXFrameworksBuildPhase;
			buildActionMask = 2147483647;
			files = (
				160F448E2930E8B9852B7E86 /* Pods_ToshokanTests.framework in Frameworks */,
			);
			runOnlyForDeploymentPostprocessing = 0;
		};
		46EE94B71E65306C00096DE0 /* Frameworks */ = {
			isa = PBXFrameworksBuildPhase;
			buildActionMask = 2147483647;
			files = (
			);
			runOnlyForDeploymentPostprocessing = 0;
		};
/* End PBXFrameworksBuildPhase section */

/* Begin PBXGroup section */
		460B642D1E67FFCC001639C3 /* Views */ = {
			isa = PBXGroup;
			children = (
				466500321E6953C600EE4F9C /* BookList */,
				460B643C1E683DAD001639C3 /* searchResultView */,
				460B642E1E67FFD3001639C3 /* AgreementView */,
			);
			name = Views;
			sourceTree = "<group>";
		};
		460B642E1E67FFD3001639C3 /* AgreementView */ = {
			isa = PBXGroup;
			children = (
				460B642F1E67FFF4001639C3 /* Agreement.storyboard */,
				460B64311E68005C001639C3 /* AgreementViewController.swift */,
				460B64331E680D61001639C3 /* AgreementViewModel.swift */,
			);
			name = AgreementView;
			sourceTree = "<group>";
		};
		460B64351E681387001639C3 /* Documents */ = {
			isa = PBXGroup;
			children = (
				460B64361E681530001639C3 /* Agreement.html */,
			);
			name = Documents;
			sourceTree = "<group>";
		};
		460B64381E6834F1001639C3 /* Source */ = {
			isa = PBXGroup;
			children = (
				460B64391E6834FA001639C3 /* Model */,
			);
			name = Source;
			sourceTree = "<group>";
		};
		460B64391E6834FA001639C3 /* Model */ = {
			isa = PBXGroup;
			children = (
				460B643A1E683541001639C3 /* ToshokanConfigModel.swift */,
				46248C661E6E975A005667A5 /* GoogleBooksVolumes.swift */,
				461A6C8F1E6FBD2800E8A569 /* GoogleApi.swift */,
				46248C691E6EB937005667A5 /* GoogleBooksVolumeEntity.swift */,
			);
			name = Model;
			sourceTree = "<group>";
		};
		460B643C1E683DAD001639C3 /* searchResultView */ = {
			isa = PBXGroup;
			children = (
				460B643D1E683E5E001639C3 /* SearchResult.storyboard */,
				460B643F1E683E7C001639C3 /* SearchResultViewController.swift */,
				46248C641E6E6DEA005667A5 /* SearchResultViewModel.swift */,
			);
			name = searchResultView;
			sourceTree = "<group>";
		};
		461A6C8E1E6FB84800E8A569 /* Configure */ = {
			isa = PBXGroup;
			children = (
			);
			name = Configure;
			sourceTree = "<group>";
		};
		466500321E6953C600EE4F9C /* BookList */ = {
			isa = PBXGroup;
			children = (
				21B2E3D91E6D643900B513BF /* BookListCollectionViewCell.swift */,
				21B2E3DA1E6D643900B513BF /* BookListCollectionViewCell.xib */,
			);
			name = BookList;
			sourceTree = "<group>";
		};
		46EE94921E65306C00096DE0 = {
			isa = PBXGroup;
			children = (
				46EE949D1E65306C00096DE0 /* Toshokan */,
				46EE94B21E65306C00096DE0 /* ToshokanTests */,
				46EE94BD1E65306C00096DE0 /* ToshokanUITests */,
				46EE949C1E65306C00096DE0 /* Products */,
				7A35B7135E5C2BC37348B8EC /* Pods */,
				C10B984D01CE852E5232BEDA /* Frameworks */,
			);
			sourceTree = "<group>";
		};
		46EE949C1E65306C00096DE0 /* Products */ = {
			isa = PBXGroup;
			children = (
				46EE949B1E65306C00096DE0 /* Toshokan.app */,
				46EE94AF1E65306C00096DE0 /* ToshokanTests.xctest */,
				46EE94BA1E65306C00096DE0 /* ToshokanUITests.xctest */,
			);
			name = Products;
			sourceTree = "<group>";
		};
		46EE949D1E65306C00096DE0 /* Toshokan */ = {
			isa = PBXGroup;
			children = (
				461A6C8E1E6FB84800E8A569 /* Configure */,
				460B64381E6834F1001639C3 /* Source */,
				460B64351E681387001639C3 /* Documents */,
				460B642D1E67FFCC001639C3 /* Views */,
				46FFD3E51E65607800082EE0 /* GoogleService-Info.plist */,
				46EE949E1E65306C00096DE0 /* AppDelegate.swift */,
				46EE94A01E65306C00096DE0 /* ViewController.swift */,
				46EE94A21E65306C00096DE0 /* Main.storyboard */,
				46EE94A51E65306C00096DE0 /* Assets.xcassets */,
				46EE94A71E65306C00096DE0 /* LaunchScreen.storyboard */,
				46EE94AA1E65306C00096DE0 /* Info.plist */,
				46FFD3E41E653B4700082EE0 /* Toshokan-Bridging-Header.h */,
			);
			path = Toshokan;
			sourceTree = "<group>";
		};
		46EE94B21E65306C00096DE0 /* ToshokanTests */ = {
			isa = PBXGroup;
			children = (
				46EE94B31E65306C00096DE0 /* ToshokanTests.swift */,
				46EE94B51E65306C00096DE0 /* Info.plist */,
				461A6C911E72B58800E8A569 /* GoogleBooksVolumesTests.swift */,
			);
			path = ToshokanTests;
			sourceTree = "<group>";
		};
		46EE94BD1E65306C00096DE0 /* ToshokanUITests */ = {
			isa = PBXGroup;
			children = (
				46EE94BE1E65306C00096DE0 /* ToshokanUITests.swift */,
				46EE94C01E65306C00096DE0 /* Info.plist */,
			);
			path = ToshokanUITests;
			sourceTree = "<group>";
		};
		7A35B7135E5C2BC37348B8EC /* Pods */ = {
			isa = PBXGroup;
			children = (
				2AC5E0776369E8930DF8AF0E /* Pods-Toshokan.debug.xcconfig */,
				2D3C012520EA8A6ECBA0E5D8 /* Pods-Toshokan.release.xcconfig */,
				5715D862CEA4A846CB20B71E /* Pods-ToshokanTests.release.xcconfig */,
				6FBEBCFA7929929E30BA988F /* Pods-ToshokanTests.debug.xcconfig */,
			);
			name = Pods;
			sourceTree = "<group>";
		};
		C10B984D01CE852E5232BEDA /* Frameworks */ = {
			isa = PBXGroup;
			children = (
				66F54C7F9D62FC54C23B697D /* Pods_Toshokan.framework */,
				B7B663CB9DDEAA82240F3AB7 /* Pods_ToshokanTests.framework */,
			);
			name = Frameworks;
			sourceTree = "<group>";
		};
/* End PBXGroup section */

/* Begin PBXNativeTarget section */
		46EE949A1E65306C00096DE0 /* Toshokan */ = {
			isa = PBXNativeTarget;
			buildConfigurationList = 46EE94C31E65306C00096DE0 /* Build configuration list for PBXNativeTarget "Toshokan" */;
			buildPhases = (
				5C3526BC620B58A01547CE1F /* [CP] Check Pods Manifest.lock */,
				46EE94971E65306C00096DE0 /* Sources */,
				46EE94981E65306C00096DE0 /* Frameworks */,
				46EE94991E65306C00096DE0 /* Resources */,
				4C3956C7550AD682429564F7 /* [CP] Embed Pods Frameworks */,
				FF7060FF89B7BB6FCE6C094F /* [CP] Copy Pods Resources */,
			);
			buildRules = (
			);
			dependencies = (
			);
			name = Toshokan;
			productName = Toshokan;
			productReference = 46EE949B1E65306C00096DE0 /* Toshokan.app */;
			productType = "com.apple.product-type.application";
		};
		46EE94AE1E65306C00096DE0 /* ToshokanTests */ = {
			isa = PBXNativeTarget;
			buildConfigurationList = 46EE94C61E65306C00096DE0 /* Build configuration list for PBXNativeTarget "ToshokanTests" */;
			buildPhases = (
				5121553A6538A6929A3F793E /* [CP] Check Pods Manifest.lock */,
				46EE94AB1E65306C00096DE0 /* Sources */,
				46EE94AC1E65306C00096DE0 /* Frameworks */,
				46EE94AD1E65306C00096DE0 /* Resources */,
				7F212AB4C22D88F0952182CC /* [CP] Embed Pods Frameworks */,
				7FB680E8C2BCFE3E448C4A88 /* [CP] Copy Pods Resources */,
			);
			buildRules = (
			);
			dependencies = (
				46EE94B11E65306C00096DE0 /* PBXTargetDependency */,
			);
			name = ToshokanTests;
			productName = ToshokanTests;
			productReference = 46EE94AF1E65306C00096DE0 /* ToshokanTests.xctest */;
			productType = "com.apple.product-type.bundle.unit-test";
		};
		46EE94B91E65306C00096DE0 /* ToshokanUITests */ = {
			isa = PBXNativeTarget;
			buildConfigurationList = 46EE94C91E65306C00096DE0 /* Build configuration list for PBXNativeTarget "ToshokanUITests" */;
			buildPhases = (
				46EE94B61E65306C00096DE0 /* Sources */,
				46EE94B71E65306C00096DE0 /* Frameworks */,
				46EE94B81E65306C00096DE0 /* Resources */,
			);
			buildRules = (
			);
			dependencies = (
				46EE94BC1E65306C00096DE0 /* PBXTargetDependency */,
			);
			name = ToshokanUITests;
			productName = ToshokanUITests;
			productReference = 46EE94BA1E65306C00096DE0 /* ToshokanUITests.xctest */;
			productType = "com.apple.product-type.bundle.ui-testing";
		};
/* End PBXNativeTarget section */

/* Begin PBXProject section */
		46EE94931E65306C00096DE0 /* Project object */ = {
			isa = PBXProject;
			attributes = {
				LastSwiftUpdateCheck = 0820;
				LastUpgradeCheck = 0820;
				ORGANIZATIONNAME = jote;
				TargetAttributes = {
					46EE949A1E65306C00096DE0 = {
						CreatedOnToolsVersion = 8.2.1;
						ProvisioningStyle = Automatic;
					};
					46EE94AE1E65306C00096DE0 = {
						CreatedOnToolsVersion = 8.2.1;
						ProvisioningStyle = Manual;
						TestTargetID = 46EE949A1E65306C00096DE0;
					};
					46EE94B91E65306C00096DE0 = {
						CreatedOnToolsVersion = 8.2.1;
						ProvisioningStyle = Automatic;
						TestTargetID = 46EE949A1E65306C00096DE0;
					};
				};
			};
			buildConfigurationList = 46EE94961E65306C00096DE0 /* Build configuration list for PBXProject "Toshokan" */;
			compatibilityVersion = "Xcode 3.2";
			developmentRegion = English;
			hasScannedForEncodings = 0;
			knownRegions = (
				en,
				Base,
			);
			mainGroup = 46EE94921E65306C00096DE0;
			productRefGroup = 46EE949C1E65306C00096DE0 /* Products */;
			projectDirPath = "";
			projectRoot = "";
			targets = (
				46EE949A1E65306C00096DE0 /* Toshokan */,
				46EE94AE1E65306C00096DE0 /* ToshokanTests */,
				46EE94B91E65306C00096DE0 /* ToshokanUITests */,
			);
		};
/* End PBXProject section */

/* Begin PBXResourcesBuildPhase section */
		46EE94991E65306C00096DE0 /* Resources */ = {
			isa = PBXResourcesBuildPhase;
			buildActionMask = 2147483647;
			files = (
				460B64301E67FFF4001639C3 /* Agreement.storyboard in Resources */,
				460B64371E681530001639C3 /* Agreement.html in Resources */,
				21B2E3DC1E6D643900B513BF /* BookListCollectionViewCell.xib in Resources */,
				460B643E1E683E5E001639C3 /* SearchResult.storyboard in Resources */,
				46EE94A91E65306C00096DE0 /* LaunchScreen.storyboard in Resources */,
				46FFD3E61E65607800082EE0 /* GoogleService-Info.plist in Resources */,
				46EE94A61E65306C00096DE0 /* Assets.xcassets in Resources */,
				46EE94A41E65306C00096DE0 /* Main.storyboard in Resources */,
			);
			runOnlyForDeploymentPostprocessing = 0;
		};
		46EE94AD1E65306C00096DE0 /* Resources */ = {
			isa = PBXResourcesBuildPhase;
			buildActionMask = 2147483647;
			files = (
				46FFD3E71E65607800082EE0 /* GoogleService-Info.plist in Resources */,
			);
			runOnlyForDeploymentPostprocessing = 0;
		};
		46EE94B81E65306C00096DE0 /* Resources */ = {
			isa = PBXResourcesBuildPhase;
			buildActionMask = 2147483647;
			files = (
				46FFD3E81E65607800082EE0 /* GoogleService-Info.plist in Resources */,
			);
			runOnlyForDeploymentPostprocessing = 0;
		};
/* End PBXResourcesBuildPhase section */

/* Begin PBXShellScriptBuildPhase section */
		4C3956C7550AD682429564F7 /* [CP] Embed Pods Frameworks */ = {
			isa = PBXShellScriptBuildPhase;
			buildActionMask = 2147483647;
			files = (
			);
			inputPaths = (
			);
			name = "[CP] Embed Pods Frameworks";
			outputPaths = (
			);
			runOnlyForDeploymentPostprocessing = 0;
			shellPath = /bin/sh;
			shellScript = "\"${SRCROOT}/Pods/Target Support Files/Pods-Toshokan/Pods-Toshokan-frameworks.sh\"\n";
			showEnvVarsInLog = 0;
		};
		5121553A6538A6929A3F793E /* [CP] Check Pods Manifest.lock */ = {
			isa = PBXShellScriptBuildPhase;
			buildActionMask = 2147483647;
			files = (
			);
			inputPaths = (
			);
			name = "[CP] Check Pods Manifest.lock";
			outputPaths = (
			);
			runOnlyForDeploymentPostprocessing = 0;
			shellPath = /bin/sh;
			shellScript = "diff \"${PODS_ROOT}/../Podfile.lock\" \"${PODS_ROOT}/Manifest.lock\" > /dev/null\nif [ $? != 0 ] ; then\n    # print error to STDERR\n    echo \"error: The sandbox is not in sync with the Podfile.lock. Run 'pod install' or update your CocoaPods installation.\" >&2\n    exit 1\nfi\n";
			showEnvVarsInLog = 0;
		};
		5C3526BC620B58A01547CE1F /* [CP] Check Pods Manifest.lock */ = {
			isa = PBXShellScriptBuildPhase;
			buildActionMask = 2147483647;
			files = (
			);
			inputPaths = (
			);
			name = "[CP] Check Pods Manifest.lock";
			outputPaths = (
			);
			runOnlyForDeploymentPostprocessing = 0;
			shellPath = /bin/sh;
			shellScript = "diff \"${PODS_ROOT}/../Podfile.lock\" \"${PODS_ROOT}/Manifest.lock\" > /dev/null\nif [ $? != 0 ] ; then\n    # print error to STDERR\n    echo \"error: The sandbox is not in sync with the Podfile.lock. Run 'pod install' or update your CocoaPods installation.\" >&2\n    exit 1\nfi\n";
			showEnvVarsInLog = 0;
		};
		7F212AB4C22D88F0952182CC /* [CP] Embed Pods Frameworks */ = {
			isa = PBXShellScriptBuildPhase;
			buildActionMask = 2147483647;
			files = (
			);
			inputPaths = (
			);
			name = "[CP] Embed Pods Frameworks";
			outputPaths = (
			);
			runOnlyForDeploymentPostprocessing = 0;
			shellPath = /bin/sh;
			shellScript = "\"${SRCROOT}/Pods/Target Support Files/Pods-ToshokanTests/Pods-ToshokanTests-frameworks.sh\"\n";
			showEnvVarsInLog = 0;
		};
		7FB680E8C2BCFE3E448C4A88 /* [CP] Copy Pods Resources */ = {
			isa = PBXShellScriptBuildPhase;
			buildActionMask = 2147483647;
			files = (
			);
			inputPaths = (
			);
			name = "[CP] Copy Pods Resources";
			outputPaths = (
			);
			runOnlyForDeploymentPostprocessing = 0;
			shellPath = /bin/sh;
			shellScript = "\"${SRCROOT}/Pods/Target Support Files/Pods-ToshokanTests/Pods-ToshokanTests-resources.sh\"\n";
			showEnvVarsInLog = 0;
		};
		FF7060FF89B7BB6FCE6C094F /* [CP] Copy Pods Resources */ = {
			isa = PBXShellScriptBuildPhase;
			buildActionMask = 2147483647;
			files = (
			);
			inputPaths = (
			);
			name = "[CP] Copy Pods Resources";
			outputPaths = (
			);
			runOnlyForDeploymentPostprocessing = 0;
			shellPath = /bin/sh;
			shellScript = "\"${SRCROOT}/Pods/Target Support Files/Pods-Toshokan/Pods-Toshokan-resources.sh\"\n";
			showEnvVarsInLog = 0;
		};
/* End PBXShellScriptBuildPhase section */

/* Begin PBXSourcesBuildPhase section */
		46EE94971E65306C00096DE0 /* Sources */ = {
			isa = PBXSourcesBuildPhase;
			buildActionMask = 2147483647;
			files = (
				460B643B1E683541001639C3 /* ToshokanConfigModel.swift in Sources */,
				460B64321E68005C001639C3 /* AgreementViewController.swift in Sources */,
				46EE94A11E65306C00096DE0 /* ViewController.swift in Sources */,
				21B2E3DB1E6D643900B513BF /* BookListCollectionViewCell.swift in Sources */,
				461A6C901E6FBD2800E8A569 /* GoogleApi.swift in Sources */,
				46EE949F1E65306C00096DE0 /* AppDelegate.swift in Sources */,
				460B64401E683E7C001639C3 /* SearchResultViewController.swift in Sources */,
				46248C6A1E6EB937005667A5 /* GoogleBooksVolumeEntity.swift in Sources */,
				460B64341E680D61001639C3 /* AgreementViewModel.swift in Sources */,
				46248C671E6E975A005667A5 /* GoogleBooksVolumes.swift in Sources */,
				46248C651E6E6DEA005667A5 /* SearchResultViewModel.swift in Sources */,
			);
			runOnlyForDeploymentPostprocessing = 0;
		};
		46EE94AB1E65306C00096DE0 /* Sources */ = {
			isa = PBXSourcesBuildPhase;
			buildActionMask = 2147483647;
			files = (
				46F8F6221E72BC7C008D542C /* ToshokanConfigModel.swift in Sources */,
				46EE94B41E65306C00096DE0 /* ToshokanTests.swift in Sources */,
				46F8F6211E72BC77008D542C /* GoogleBooksVolumeEntity.swift in Sources */,
				46F8F6201E72BC70008D542C /* GoogleApi.swift in Sources */,
				46F8F61F1E72BBD7008D542C /* GoogleBooksVolumes.swift in Sources */,
				461A6C921E72B58800E8A569 /* GoogleBooksVolumesTests.swift in Sources */,
			);
			runOnlyForDeploymentPostprocessing = 0;
		};
		46EE94B61E65306C00096DE0 /* Sources */ = {
			isa = PBXSourcesBuildPhase;
			buildActionMask = 2147483647;
			files = (
				46EE94BF1E65306C00096DE0 /* ToshokanUITests.swift in Sources */,
			);
			runOnlyForDeploymentPostprocessing = 0;
		};
/* End PBXSourcesBuildPhase section */

/* Begin PBXTargetDependency section */
		46EE94B11E65306C00096DE0 /* PBXTargetDependency */ = {
			isa = PBXTargetDependency;
			target = 46EE949A1E65306C00096DE0 /* Toshokan */;
			targetProxy = 46EE94B01E65306C00096DE0 /* PBXContainerItemProxy */;
		};
		46EE94BC1E65306C00096DE0 /* PBXTargetDependency */ = {
			isa = PBXTargetDependency;
			target = 46EE949A1E65306C00096DE0 /* Toshokan */;
			targetProxy = 46EE94BB1E65306C00096DE0 /* PBXContainerItemProxy */;
		};
/* End PBXTargetDependency section */

/* Begin PBXVariantGroup section */
		46EE94A21E65306C00096DE0 /* Main.storyboard */ = {
			isa = PBXVariantGroup;
			children = (
				46EE94A31E65306C00096DE0 /* Base */,
			);
			name = Main.storyboard;
			sourceTree = "<group>";
		};
		46EE94A71E65306C00096DE0 /* LaunchScreen.storyboard */ = {
			isa = PBXVariantGroup;
			children = (
				46EE94A81E65306C00096DE0 /* Base */,
			);
			name = LaunchScreen.storyboard;
			sourceTree = "<group>";
		};
/* End PBXVariantGroup section */

/* Begin XCBuildConfiguration section */
		46EE94C11E65306C00096DE0 /* Debug */ = {
			isa = XCBuildConfiguration;
			buildSettings = {
				ALWAYS_SEARCH_USER_PATHS = NO;
				CLANG_ANALYZER_NONNULL = YES;
				CLANG_CXX_LANGUAGE_STANDARD = "gnu++0x";
				CLANG_CXX_LIBRARY = "libc++";
				CLANG_ENABLE_MODULES = YES;
				CLANG_ENABLE_OBJC_ARC = YES;
				CLANG_WARN_BOOL_CONVERSION = YES;
				CLANG_WARN_CONSTANT_CONVERSION = YES;
				CLANG_WARN_DIRECT_OBJC_ISA_USAGE = YES_ERROR;
				CLANG_WARN_DOCUMENTATION_COMMENTS = YES;
				CLANG_WARN_EMPTY_BODY = YES;
				CLANG_WARN_ENUM_CONVERSION = YES;
				CLANG_WARN_INFINITE_RECURSION = YES;
				CLANG_WARN_INT_CONVERSION = YES;
				CLANG_WARN_OBJC_ROOT_CLASS = YES_ERROR;
				CLANG_WARN_SUSPICIOUS_MOVE = YES;
				CLANG_WARN_UNREACHABLE_CODE = YES;
				CLANG_WARN__DUPLICATE_METHOD_MATCH = YES;
				"CODE_SIGN_IDENTITY[sdk=iphoneos*]" = "iPhone Developer";
				COPY_PHASE_STRIP = NO;
				DEBUG_INFORMATION_FORMAT = dwarf;
				ENABLE_STRICT_OBJC_MSGSEND = YES;
				ENABLE_TESTABILITY = YES;
				GCC_C_LANGUAGE_STANDARD = gnu99;
				GCC_DYNAMIC_NO_PIC = NO;
				GCC_NO_COMMON_BLOCKS = YES;
				GCC_OPTIMIZATION_LEVEL = 0;
				GCC_PREPROCESSOR_DEFINITIONS = (
					"DEBUG=1",
					"$(inherited)",
				);
				GCC_WARN_64_TO_32_BIT_CONVERSION = YES;
				GCC_WARN_ABOUT_RETURN_TYPE = YES_ERROR;
				GCC_WARN_UNDECLARED_SELECTOR = YES;
				GCC_WARN_UNINITIALIZED_AUTOS = YES_AGGRESSIVE;
				GCC_WARN_UNUSED_FUNCTION = YES;
				GCC_WARN_UNUSED_VARIABLE = YES;
				IPHONEOS_DEPLOYMENT_TARGET = 10.2;
				MTL_ENABLE_DEBUG_INFO = YES;
				ONLY_ACTIVE_ARCH = YES;
				SDKROOT = iphoneos;
				SWIFT_ACTIVE_COMPILATION_CONDITIONS = DEBUG;
				SWIFT_OPTIMIZATION_LEVEL = "-Onone";
				TARGETED_DEVICE_FAMILY = "1,2";
			};
			name = Debug;
		};
		46EE94C21E65306C00096DE0 /* Release */ = {
			isa = XCBuildConfiguration;
			buildSettings = {
				ALWAYS_SEARCH_USER_PATHS = NO;
				CLANG_ANALYZER_NONNULL = YES;
				CLANG_CXX_LANGUAGE_STANDARD = "gnu++0x";
				CLANG_CXX_LIBRARY = "libc++";
				CLANG_ENABLE_MODULES = YES;
				CLANG_ENABLE_OBJC_ARC = YES;
				CLANG_WARN_BOOL_CONVERSION = YES;
				CLANG_WARN_CONSTANT_CONVERSION = YES;
				CLANG_WARN_DIRECT_OBJC_ISA_USAGE = YES_ERROR;
				CLANG_WARN_DOCUMENTATION_COMMENTS = YES;
				CLANG_WARN_EMPTY_BODY = YES;
				CLANG_WARN_ENUM_CONVERSION = YES;
				CLANG_WARN_INFINITE_RECURSION = YES;
				CLANG_WARN_INT_CONVERSION = YES;
				CLANG_WARN_OBJC_ROOT_CLASS = YES_ERROR;
				CLANG_WARN_SUSPICIOUS_MOVE = YES;
				CLANG_WARN_UNREACHABLE_CODE = YES;
				CLANG_WARN__DUPLICATE_METHOD_MATCH = YES;
				"CODE_SIGN_IDENTITY[sdk=iphoneos*]" = "iPhone Developer";
				COPY_PHASE_STRIP = NO;
				DEBUG_INFORMATION_FORMAT = "dwarf-with-dsym";
				ENABLE_NS_ASSERTIONS = NO;
				ENABLE_STRICT_OBJC_MSGSEND = YES;
				GCC_C_LANGUAGE_STANDARD = gnu99;
				GCC_NO_COMMON_BLOCKS = YES;
				GCC_WARN_64_TO_32_BIT_CONVERSION = YES;
				GCC_WARN_ABOUT_RETURN_TYPE = YES_ERROR;
				GCC_WARN_UNDECLARED_SELECTOR = YES;
				GCC_WARN_UNINITIALIZED_AUTOS = YES_AGGRESSIVE;
				GCC_WARN_UNUSED_FUNCTION = YES;
				GCC_WARN_UNUSED_VARIABLE = YES;
				IPHONEOS_DEPLOYMENT_TARGET = 10.2;
				MTL_ENABLE_DEBUG_INFO = NO;
				SDKROOT = iphoneos;
				SWIFT_OPTIMIZATION_LEVEL = "-Owholemodule";
				TARGETED_DEVICE_FAMILY = "1,2";
				VALIDATE_PRODUCT = YES;
			};
			name = Release;
		};
		46EE94C41E65306C00096DE0 /* Debug */ = {
			isa = XCBuildConfiguration;
			baseConfigurationReference = 2AC5E0776369E8930DF8AF0E /* Pods-Toshokan.debug.xcconfig */;
			buildSettings = {
				ASSETCATALOG_COMPILER_APPICON_NAME = AppIcon;
				INFOPLIST_FILE = Toshokan/Info.plist;
				LD_RUNPATH_SEARCH_PATHS = "$(inherited) @executable_path/Frameworks";
				PRODUCT_BUNDLE_IDENTIFIER = jp.sample.Toshokan;
				PRODUCT_NAME = "$(TARGET_NAME)";
				SWIFT_OBJC_BRIDGING_HEADER = "Toshokan/Toshokan-Bridging-Header.h";
				SWIFT_VERSION = 3.0;
			};
			name = Debug;
		};
		46EE94C51E65306C00096DE0 /* Release */ = {
			isa = XCBuildConfiguration;
			baseConfigurationReference = 2D3C012520EA8A6ECBA0E5D8 /* Pods-Toshokan.release.xcconfig */;
			buildSettings = {
				ASSETCATALOG_COMPILER_APPICON_NAME = AppIcon;
				INFOPLIST_FILE = Toshokan/Info.plist;
				LD_RUNPATH_SEARCH_PATHS = "$(inherited) @executable_path/Frameworks";
				PRODUCT_BUNDLE_IDENTIFIER = jp.sample.Toshokan;
				PRODUCT_NAME = "$(TARGET_NAME)";
				SWIFT_OBJC_BRIDGING_HEADER = "Toshokan/Toshokan-Bridging-Header.h";
				SWIFT_VERSION = 3.0;
			};
			name = Release;
		};
		46EE94C71E65306C00096DE0 /* Debug */ = {
			isa = XCBuildConfiguration;
			baseConfigurationReference = 6FBEBCFA7929929E30BA988F /* Pods-ToshokanTests.debug.xcconfig */;
			buildSettings = {
				ALWAYS_EMBED_SWIFT_STANDARD_LIBRARIES = YES;
				BUNDLE_LOADER = "$(TEST_HOST)";
				DEVELOPMENT_TEAM = "";
				INFOPLIST_FILE = ToshokanTests/Info.plist;
				LD_RUNPATH_SEARCH_PATHS = "$(inherited) @executable_path/Frameworks @loader_path/Frameworks";
				PRODUCT_BUNDLE_IDENTIFIER = jp.sample.ToshokanTests;
				PRODUCT_NAME = "$(TARGET_NAME)";
				SWIFT_OBJC_BRIDGING_HEADER = "Toshokan/Toshokan-Bridging-Header.h";
				SWIFT_VERSION = 3.0;
				TEST_HOST = "$(BUILT_PRODUCTS_DIR)/Toshokan.app/Toshokan";
			};
			name = Debug;
		};
		46EE94C81E65306C00096DE0 /* Release */ = {
			isa = XCBuildConfiguration;
			baseConfigurationReference = 5715D862CEA4A846CB20B71E /* Pods-ToshokanTests.release.xcconfig */;
			buildSettings = {
				ALWAYS_EMBED_SWIFT_STANDARD_LIBRARIES = YES;
				BUNDLE_LOADER = "$(TEST_HOST)";
				DEVELOPMENT_TEAM = "";
				INFOPLIST_FILE = ToshokanTests/Info.plist;
				LD_RUNPATH_SEARCH_PATHS = "$(inherited) @executable_path/Frameworks @loader_path/Frameworks";
				PRODUCT_BUNDLE_IDENTIFIER = jp.sample.ToshokanTests;
				PRODUCT_NAME = "$(TARGET_NAME)";
				SWIFT_OBJC_BRIDGING_HEADER = "Toshokan/Toshokan-Bridging-Header.h";
				SWIFT_VERSION = 3.0;
				TEST_HOST = "$(BUILT_PRODUCTS_DIR)/Toshokan.app/Toshokan";
			};
			name = Release;
		};
		46EE94CA1E65306C00096DE0 /* Debug */ = {
			isa = XCBuildConfiguration;
			buildSettings = {
				ALWAYS_EMBED_SWIFT_STANDARD_LIBRARIES = YES;
				INFOPLIST_FILE = ToshokanUITests/Info.plist;
				LD_RUNPATH_SEARCH_PATHS = "$(inherited) @executable_path/Frameworks @loader_path/Frameworks";
				PRODUCT_BUNDLE_IDENTIFIER = jp.sample.ToshokanUITests;
				PRODUCT_NAME = "$(TARGET_NAME)";
				SWIFT_VERSION = 3.0;
				TEST_TARGET_NAME = Toshokan;
			};
			name = Debug;
		};
		46EE94CB1E65306C00096DE0 /* Release */ = {
			isa = XCBuildConfiguration;
			buildSettings = {
				ALWAYS_EMBED_SWIFT_STANDARD_LIBRARIES = YES;
				INFOPLIST_FILE = ToshokanUITests/Info.plist;
				LD_RUNPATH_SEARCH_PATHS = "$(inherited) @executable_path/Frameworks @loader_path/Frameworks";
				PRODUCT_BUNDLE_IDENTIFIER = jp.sample.ToshokanUITests;
				PRODUCT_NAME = "$(TARGET_NAME)";
				SWIFT_VERSION = 3.0;
				TEST_TARGET_NAME = Toshokan;
			};
			name = Release;
		};
/* End XCBuildConfiguration section */

/* Begin XCConfigurationList section */
		46EE94961E65306C00096DE0 /* Build configuration list for PBXProject "Toshokan" */ = {
			isa = XCConfigurationList;
			buildConfigurations = (
				46EE94C11E65306C00096DE0 /* Debug */,
				46EE94C21E65306C00096DE0 /* Release */,
			);
			defaultConfigurationIsVisible = 0;
			defaultConfigurationName = Release;
		};
		46EE94C31E65306C00096DE0 /* Build configuration list for PBXNativeTarget "Toshokan" */ = {
			isa = XCConfigurationList;
			buildConfigurations = (
				46EE94C41E65306C00096DE0 /* Debug */,
				46EE94C51E65306C00096DE0 /* Release */,
			);
			defaultConfigurationIsVisible = 0;
			defaultConfigurationName = Release;
		};
		46EE94C61E65306C00096DE0 /* Build configuration list for PBXNativeTarget "ToshokanTests" */ = {
			isa = XCConfigurationList;
			buildConfigurations = (
				46EE94C71E65306C00096DE0 /* Debug */,
				46EE94C81E65306C00096DE0 /* Release */,
			);
			defaultConfigurationIsVisible = 0;
			defaultConfigurationName = Release;
		};
		46EE94C91E65306C00096DE0 /* Build configuration list for PBXNativeTarget "ToshokanUITests" */ = {
			isa = XCConfigurationList;
			buildConfigurations = (
				46EE94CA1E65306C00096DE0 /* Debug */,
				46EE94CB1E65306C00096DE0 /* Release */,
			);
			defaultConfigurationIsVisible = 0;
			defaultConfigurationName = Release;
		};
/* End XCConfigurationList section */
	};
	rootObject = 46EE94931E65306C00096DE0 /* Project object */;
}
